// !$*UTF8*$!
{
	archiveVersion = 1;
	classes = {
	};
	objectVersion = 56;
	objects = {

/* Begin PBXBuildFile section */
		6002E0892A2C075300345AE9 /* AppDelegate.swift in Sources */ = {isa = PBXBuildFile; fileRef = 6002E0882A2C075300345AE9 /* AppDelegate.swift */; };
		6002E08D2A2C075300345AE9 /* Experience.rcproject in Sources */ = {isa = PBXBuildFile; fileRef = 6002E08C2A2C075300345AE9 /* Experience.rcproject */; };
		6002E0922A2C075700345AE9 /* Assets.xcassets in Resources */ = {isa = PBXBuildFile; fileRef = 6002E0912A2C075700345AE9 /* Assets.xcassets */; };
		6002E0952A2C075700345AE9 /* LaunchScreen.storyboard in Resources */ = {isa = PBXBuildFile; fileRef = 6002E0932A2C075700345AE9 /* LaunchScreen.storyboard */; };
		6002E09E2A2C083900345AE9 /* DropDownMenuViewController.swift in Sources */ = {isa = PBXBuildFile; fileRef = 6002E09C2A2C083900345AE9 /* DropDownMenuViewController.swift */; };
		6002E09F2A2C083900345AE9 /* CircleStrokeSpinner.swift in Sources */ = {isa = PBXBuildFile; fileRef = 6002E09D2A2C083900345AE9 /* CircleStrokeSpinner.swift */; };
		6002E0A42A2C084000345AE9 /* UIImageViewExtension.swift in Sources */ = {isa = PBXBuildFile; fileRef = 6002E0A12A2C084000345AE9 /* UIImageViewExtension.swift */; };
		6002E0A52A2C084000345AE9 /* CellExtension.swift in Sources */ = {isa = PBXBuildFile; fileRef = 6002E0A22A2C084000345AE9 /* CellExtension.swift */; };
		6002E0A62A2C084000345AE9 /* StringExtension.swift in Sources */ = {isa = PBXBuildFile; fileRef = 6002E0A32A2C084000345AE9 /* StringExtension.swift */; };
		6002E0AA2A2C084A00345AE9 /* FuturaPT-Medium.ttf in Resources */ = {isa = PBXBuildFile; fileRef = 6002E0A82A2C084A00345AE9 /* FuturaPT-Medium.ttf */; };
		6002E0AB2A2C084A00345AE9 /* FuturaPT-Light.ttf in Resources */ = {isa = PBXBuildFile; fileRef = 6002E0A92A2C084A00345AE9 /* FuturaPT-Light.ttf */; };
		6002E0AF2A2C085100345AE9 /* DataStruct.swift in Sources */ = {isa = PBXBuildFile; fileRef = 6002E0AD2A2C085100345AE9 /* DataStruct.swift */; };
		6002E0B02A2C085100345AE9 /* APIManager.swift in Sources */ = {isa = PBXBuildFile; fileRef = 6002E0AE2A2C085100345AE9 /* APIManager.swift */; };
		6002E0BA2A2C085B00345AE9 /* ProfileCell.swift in Sources */ = {isa = PBXBuildFile; fileRef = 6002E0B32A2C085B00345AE9 /* ProfileCell.swift */; };
		6002E0BB2A2C085B00345AE9 /* InfoCell.swift in Sources */ = {isa = PBXBuildFile; fileRef = 6002E0B42A2C085B00345AE9 /* InfoCell.swift */; };
		6002E0BC2A2C085B00345AE9 /* OrdersCell.swift in Sources */ = {isa = PBXBuildFile; fileRef = 6002E0B52A2C085B00345AE9 /* OrdersCell.swift */; };
		6002E0BD2A2C085B00345AE9 /* InfoItems.swift in Sources */ = {isa = PBXBuildFile; fileRef = 6002E0B62A2C085B00345AE9 /* InfoItems.swift */; };
		6002E0BE2A2C085B00345AE9 /* InfoViewController.swift in Sources */ = {isa = PBXBuildFile; fileRef = 6002E0B72A2C085B00345AE9 /* InfoViewController.swift */; };
		6002E0BF2A2C085B00345AE9 /* MokeDataForInfoVC.swift in Sources */ = {isa = PBXBuildFile; fileRef = 6002E0B82A2C085B00345AE9 /* MokeDataForInfoVC.swift */; };
		6002E0C02A2C085B00345AE9 /* InfoSection.swift in Sources */ = {isa = PBXBuildFile; fileRef = 6002E0B92A2C085B00345AE9 /* InfoSection.swift */; };
		6002E0CE2A2C086400345AE9 /* ProductSection.swift in Sources */ = {isa = PBXBuildFile; fileRef = 6002E0C22A2C086400345AE9 /* ProductSection.swift */; };
		6002E0CF2A2C086400345AE9 /* СonfiguratorCell.swift in Sources */ = {isa = PBXBuildFile; fileRef = 6002E0C42A2C086400345AE9 /* СonfiguratorCell.swift */; };
		6002E0D02A2C086400345AE9 /* PriceCell.swift in Sources */ = {isa = PBXBuildFile; fileRef = 6002E0C52A2C086400345AE9 /* PriceCell.swift */; };
		6002E0D12A2C086400345AE9 /* ConfiguratorDescription.swift in Sources */ = {isa = PBXBuildFile; fileRef = 6002E0C62A2C086400345AE9 /* ConfiguratorDescription.swift */; };
		6002E0D22A2C086400345AE9 /* OrderCell.swift in Sources */ = {isa = PBXBuildFile; fileRef = 6002E0C72A2C086400345AE9 /* OrderCell.swift */; };
		6002E0D32A2C086400345AE9 /* ProductViewCell.swift in Sources */ = {isa = PBXBuildFile; fileRef = 6002E0C82A2C086400345AE9 /* ProductViewCell.swift */; };
		6002E0D42A2C086400345AE9 /* DescriptionCell.swift in Sources */ = {isa = PBXBuildFile; fileRef = 6002E0C92A2C086400345AE9 /* DescriptionCell.swift */; };
		6002E0D52A2C086400345AE9 /* HeaderSupplementaryView.swift in Sources */ = {isa = PBXBuildFile; fileRef = 6002E0CA2A2C086400345AE9 /* HeaderSupplementaryView.swift */; };
		6002E0D62A2C086400345AE9 /* ProductItem.swift in Sources */ = {isa = PBXBuildFile; fileRef = 6002E0CB2A2C086400345AE9 /* ProductItem.swift */; };
		6002E0D72A2C086400345AE9 /* ProductViewController.swift in Sources */ = {isa = PBXBuildFile; fileRef = 6002E0CC2A2C086400345AE9 /* ProductViewController.swift */; };
		6002E0D82A2C086400345AE9 /* MockDataForProductVC.swift in Sources */ = {isa = PBXBuildFile; fileRef = 6002E0CD2A2C086400345AE9 /* MockDataForProductVC.swift */; };
		6002E0E02A2C086A00345AE9 /* ProductCell.swift in Sources */ = {isa = PBXBuildFile; fileRef = 6002E0DB2A2C086A00345AE9 /* ProductCell.swift */; };
		6002E0E12A2C086A00345AE9 /* HomeItem.swift in Sources */ = {isa = PBXBuildFile; fileRef = 6002E0DC2A2C086A00345AE9 /* HomeItem.swift */; };
		6002E0E22A2C086A00345AE9 /* HomeSection.swift in Sources */ = {isa = PBXBuildFile; fileRef = 6002E0DD2A2C086A00345AE9 /* HomeSection.swift */; };
		6002E0E32A2C086A00345AE9 /* MokeDataForHomeVC.swift in Sources */ = {isa = PBXBuildFile; fileRef = 6002E0DE2A2C086A00345AE9 /* MokeDataForHomeVC.swift */; };
		6002E0E42A2C086A00345AE9 /* HomeViewController.swift in Sources */ = {isa = PBXBuildFile; fileRef = 6002E0DF2A2C086A00345AE9 /* HomeViewController.swift */; };
		6002E0E72A2C087500345AE9 /* TabBarController.swift in Sources */ = {isa = PBXBuildFile; fileRef = 6002E0E62A2C087500345AE9 /* TabBarController.swift */; };
		6002E0E92A2C088400345AE9 /* ColorPalette.swift in Sources */ = {isa = PBXBuildFile; fileRef = 6002E0E82A2C088400345AE9 /* ColorPalette.swift */; };
		6002E0F02A2C0AEC00345AE9 /* SDWebImage in Frameworks */ = {isa = PBXBuildFile; productRef = 6002E0EF2A2C0AEC00345AE9 /* SDWebImage */; };
/* End PBXBuildFile section */

/* Begin PBXFileReference section */
		6002E0852A2C075300345AE9 /* CarinCasa.app */ = {isa = PBXFileReference; explicitFileType = wrapper.application; includeInIndex = 0; path = CarinCasa.app; sourceTree = BUILT_PRODUCTS_DIR; };
		6002E0882A2C075300345AE9 /* AppDelegate.swift */ = {isa = PBXFileReference; lastKnownFileType = sourcecode.swift; path = AppDelegate.swift; sourceTree = "<group>"; };
		6002E08C2A2C075300345AE9 /* Experience.rcproject */ = {isa = PBXFileReference; lastKnownFileType = file.rcproject; path = Experience.rcproject; sourceTree = "<group>"; };
		6002E0912A2C075700345AE9 /* Assets.xcassets */ = {isa = PBXFileReference; lastKnownFileType = folder.assetcatalog; path = Assets.xcassets; sourceTree = "<group>"; };
		6002E0942A2C075700345AE9 /* Base */ = {isa = PBXFileReference; lastKnownFileType = file.storyboard; name = Base; path = Base.lproj/LaunchScreen.storyboard; sourceTree = "<group>"; };
		6002E09C2A2C083900345AE9 /* DropDownMenuViewController.swift */ = {isa = PBXFileReference; fileEncoding = 4; lastKnownFileType = sourcecode.swift; path = DropDownMenuViewController.swift; sourceTree = "<group>"; };
		6002E09D2A2C083900345AE9 /* CircleStrokeSpinner.swift */ = {isa = PBXFileReference; fileEncoding = 4; lastKnownFileType = sourcecode.swift; path = CircleStrokeSpinner.swift; sourceTree = "<group>"; };
		6002E0A12A2C084000345AE9 /* UIImageViewExtension.swift */ = {isa = PBXFileReference; fileEncoding = 4; lastKnownFileType = sourcecode.swift; path = UIImageViewExtension.swift; sourceTree = "<group>"; };
		6002E0A22A2C084000345AE9 /* CellExtension.swift */ = {isa = PBXFileReference; fileEncoding = 4; lastKnownFileType = sourcecode.swift; path = CellExtension.swift; sourceTree = "<group>"; };
		6002E0A32A2C084000345AE9 /* StringExtension.swift */ = {isa = PBXFileReference; fileEncoding = 4; lastKnownFileType = sourcecode.swift; path = StringExtension.swift; sourceTree = "<group>"; };
		6002E0A82A2C084A00345AE9 /* FuturaPT-Medium.ttf */ = {isa = PBXFileReference; lastKnownFileType = file; path = "FuturaPT-Medium.ttf"; sourceTree = "<group>"; };
		6002E0A92A2C084A00345AE9 /* FuturaPT-Light.ttf */ = {isa = PBXFileReference; lastKnownFileType = file; path = "FuturaPT-Light.ttf"; sourceTree = "<group>"; };
		6002E0AD2A2C085100345AE9 /* DataStruct.swift */ = {isa = PBXFileReference; fileEncoding = 4; lastKnownFileType = sourcecode.swift; path = DataStruct.swift; sourceTree = "<group>"; };
		6002E0AE2A2C085100345AE9 /* APIManager.swift */ = {isa = PBXFileReference; fileEncoding = 4; lastKnownFileType = sourcecode.swift; path = APIManager.swift; sourceTree = "<group>"; };
		6002E0B32A2C085B00345AE9 /* ProfileCell.swift */ = {isa = PBXFileReference; fileEncoding = 4; lastKnownFileType = sourcecode.swift; path = ProfileCell.swift; sourceTree = "<group>"; };
		6002E0B42A2C085B00345AE9 /* InfoCell.swift */ = {isa = PBXFileReference; fileEncoding = 4; lastKnownFileType = sourcecode.swift; path = InfoCell.swift; sourceTree = "<group>"; };
		6002E0B52A2C085B00345AE9 /* OrdersCell.swift */ = {isa = PBXFileReference; fileEncoding = 4; lastKnownFileType = sourcecode.swift; path = OrdersCell.swift; sourceTree = "<group>"; };
		6002E0B62A2C085B00345AE9 /* InfoItems.swift */ = {isa = PBXFileReference; fileEncoding = 4; lastKnownFileType = sourcecode.swift; path = InfoItems.swift; sourceTree = "<group>"; };
		6002E0B72A2C085B00345AE9 /* InfoViewController.swift */ = {isa = PBXFileReference; fileEncoding = 4; lastKnownFileType = sourcecode.swift; path = InfoViewController.swift; sourceTree = "<group>"; };
		6002E0B82A2C085B00345AE9 /* MokeDataForInfoVC.swift */ = {isa = PBXFileReference; fileEncoding = 4; lastKnownFileType = sourcecode.swift; path = MokeDataForInfoVC.swift; sourceTree = "<group>"; };
		6002E0B92A2C085B00345AE9 /* InfoSection.swift */ = {isa = PBXFileReference; fileEncoding = 4; lastKnownFileType = sourcecode.swift; path = InfoSection.swift; sourceTree = "<group>"; };
		6002E0C22A2C086400345AE9 /* ProductSection.swift */ = {isa = PBXFileReference; fileEncoding = 4; lastKnownFileType = sourcecode.swift; path = ProductSection.swift; sourceTree = "<group>"; };
		6002E0C42A2C086400345AE9 /* СonfiguratorCell.swift */ = {isa = PBXFileReference; fileEncoding = 4; lastKnownFileType = sourcecode.swift; path = "СonfiguratorCell.swift"; sourceTree = "<group>"; };
		6002E0C52A2C086400345AE9 /* PriceCell.swift */ = {isa = PBXFileReference; fileEncoding = 4; lastKnownFileType = sourcecode.swift; path = PriceCell.swift; sourceTree = "<group>"; };
		6002E0C62A2C086400345AE9 /* ConfiguratorDescription.swift */ = {isa = PBXFileReference; fileEncoding = 4; lastKnownFileType = sourcecode.swift; path = ConfiguratorDescription.swift; sourceTree = "<group>"; };
		6002E0C72A2C086400345AE9 /* OrderCell.swift */ = {isa = PBXFileReference; fileEncoding = 4; lastKnownFileType = sourcecode.swift; path = OrderCell.swift; sourceTree = "<group>"; };
		6002E0C82A2C086400345AE9 /* ProductViewCell.swift */ = {isa = PBXFileReference; fileEncoding = 4; lastKnownFileType = sourcecode.swift; path = ProductViewCell.swift; sourceTree = "<group>"; };
		6002E0C92A2C086400345AE9 /* DescriptionCell.swift */ = {isa = PBXFileReference; fileEncoding = 4; lastKnownFileType = sourcecode.swift; path = DescriptionCell.swift; sourceTree = "<group>"; };
		6002E0CA2A2C086400345AE9 /* HeaderSupplementaryView.swift */ = {isa = PBXFileReference; fileEncoding = 4; lastKnownFileType = sourcecode.swift; path = HeaderSupplementaryView.swift; sourceTree = "<group>"; };
		6002E0CB2A2C086400345AE9 /* ProductItem.swift */ = {isa = PBXFileReference; fileEncoding = 4; lastKnownFileType = sourcecode.swift; path = ProductItem.swift; sourceTree = "<group>"; };
		6002E0CC2A2C086400345AE9 /* ProductViewController.swift */ = {isa = PBXFileReference; fileEncoding = 4; lastKnownFileType = sourcecode.swift; path = ProductViewController.swift; sourceTree = "<group>"; };
		6002E0CD2A2C086400345AE9 /* MockDataForProductVC.swift */ = {isa = PBXFileReference; fileEncoding = 4; lastKnownFileType = sourcecode.swift; path = MockDataForProductVC.swift; sourceTree = "<group>"; };
		6002E0DB2A2C086A00345AE9 /* ProductCell.swift */ = {isa = PBXFileReference; fileEncoding = 4; lastKnownFileType = sourcecode.swift; path = ProductCell.swift; sourceTree = "<group>"; };
		6002E0DC2A2C086A00345AE9 /* HomeItem.swift */ = {isa = PBXFileReference; fileEncoding = 4; lastKnownFileType = sourcecode.swift; path = HomeItem.swift; sourceTree = "<group>"; };
		6002E0DD2A2C086A00345AE9 /* HomeSection.swift */ = {isa = PBXFileReference; fileEncoding = 4; lastKnownFileType = sourcecode.swift; path = HomeSection.swift; sourceTree = "<group>"; };
		6002E0DE2A2C086A00345AE9 /* MokeDataForHomeVC.swift */ = {isa = PBXFileReference; fileEncoding = 4; lastKnownFileType = sourcecode.swift; path = MokeDataForHomeVC.swift; sourceTree = "<group>"; };
		6002E0DF2A2C086A00345AE9 /* HomeViewController.swift */ = {isa = PBXFileReference; fileEncoding = 4; lastKnownFileType = sourcecode.swift; path = HomeViewController.swift; sourceTree = "<group>"; };
		6002E0E62A2C087500345AE9 /* TabBarController.swift */ = {isa = PBXFileReference; fileEncoding = 4; lastKnownFileType = sourcecode.swift; path = TabBarController.swift; sourceTree = "<group>"; };
		6002E0E82A2C088400345AE9 /* ColorPalette.swift */ = {isa = PBXFileReference; fileEncoding = 4; lastKnownFileType = sourcecode.swift; path = ColorPalette.swift; sourceTree = "<group>"; };
		6002E0EA2A2C08B700345AE9 /* Info.plist */ = {isa = PBXFileReference; lastKnownFileType = text.plist; path = Info.plist; sourceTree = "<group>"; };
/* End PBXFileReference section */

/* Begin PBXFrameworksBuildPhase section */
		6002E0822A2C075300345AE9 /* Frameworks */ = {
			isa = PBXFrameworksBuildPhase;
			buildActionMask = 2147483647;
			files = (
				6002E0F02A2C0AEC00345AE9 /* SDWebImage in Frameworks */,
			);
			runOnlyForDeploymentPostprocessing = 0;
		};
/* End PBXFrameworksBuildPhase section */

/* Begin PBXGroup section */
		6002E07C2A2C075300345AE9 = {
			isa = PBXGroup;
			children = (
				6002E0872A2C075300345AE9 /* CarinCasa */,
				6002E0862A2C075300345AE9 /* Products */,
			);
			sourceTree = "<group>";
		};
		6002E0862A2C075300345AE9 /* Products */ = {
			isa = PBXGroup;
			children = (
				6002E0852A2C075300345AE9 /* CarinCasa.app */,
			);
			name = Products;
			sourceTree = "<group>";
		};
		6002E0872A2C075300345AE9 /* CarinCasa */ = {
			isa = PBXGroup;
			children = (
				6002E0EA2A2C08B700345AE9 /* Info.plist */,
				6002E0882A2C075300345AE9 /* AppDelegate.swift */,
				6002E0E82A2C088400345AE9 /* ColorPalette.swift */,
				6002E0E52A2C087500345AE9 /* TabBar */,
				6002E0D92A2C086A00345AE9 /* HomeView */,
				6002E0C12A2C086400345AE9 /* ProductView */,
				6002E0B12A2C085B00345AE9 /* ProfileView */,
				6002E0AC2A2C085100345AE9 /* APIService */,
				6002E0A02A2C084000345AE9 /* Extensions */,
				6002E09B2A2C083900345AE9 /* ComponentsThatNeedToBeDone */,
				6002E08C2A2C075300345AE9 /* Experience.rcproject */,
				6002E0A72A2C084A00345AE9 /* Fonts */,
				6002E0912A2C075700345AE9 /* Assets.xcassets */,
				6002E0932A2C075700345AE9 /* LaunchScreen.storyboard */,
			);
			path = CarinCasa;
			sourceTree = "<group>";
		};
		6002E09B2A2C083900345AE9 /* ComponentsThatNeedToBeDone */ = {
			isa = PBXGroup;
			children = (
				6002E09C2A2C083900345AE9 /* DropDownMenuViewController.swift */,
				6002E09D2A2C083900345AE9 /* CircleStrokeSpinner.swift */,
			);
			path = ComponentsThatNeedToBeDone;
			sourceTree = "<group>";
		};
		6002E0A02A2C084000345AE9 /* Extensions */ = {
			isa = PBXGroup;
			children = (
				6002E0A12A2C084000345AE9 /* UIImageViewExtension.swift */,
				6002E0A22A2C084000345AE9 /* CellExtension.swift */,
				6002E0A32A2C084000345AE9 /* StringExtension.swift */,
			);
			path = Extensions;
			sourceTree = "<group>";
		};
		6002E0A72A2C084A00345AE9 /* Fonts */ = {
			isa = PBXGroup;
			children = (
				6002E0A82A2C084A00345AE9 /* FuturaPT-Medium.ttf */,
				6002E0A92A2C084A00345AE9 /* FuturaPT-Light.ttf */,
			);
			path = Fonts;
			sourceTree = "<group>";
		};
		6002E0AC2A2C085100345AE9 /* APIService */ = {
			isa = PBXGroup;
			children = (
				6002E0AD2A2C085100345AE9 /* DataStruct.swift */,
				6002E0AE2A2C085100345AE9 /* APIManager.swift */,
			);
			path = APIService;
			sourceTree = "<group>";
		};
		6002E0B12A2C085B00345AE9 /* ProfileView */ = {
			isa = PBXGroup;
			children = (
				6002E0B22A2C085B00345AE9 /* Cells */,
				6002E0B62A2C085B00345AE9 /* InfoItems.swift */,
				6002E0B72A2C085B00345AE9 /* InfoViewController.swift */,
				6002E0B82A2C085B00345AE9 /* MokeDataForInfoVC.swift */,
				6002E0B92A2C085B00345AE9 /* InfoSection.swift */,
			);
			path = ProfileView;
			sourceTree = "<group>";
		};
		6002E0B22A2C085B00345AE9 /* Cells */ = {
			isa = PBXGroup;
			children = (
				6002E0B32A2C085B00345AE9 /* ProfileCell.swift */,
				6002E0B42A2C085B00345AE9 /* InfoCell.swift */,
				6002E0B52A2C085B00345AE9 /* OrdersCell.swift */,
			);
			path = Cells;
			sourceTree = "<group>";
		};
		6002E0C12A2C086400345AE9 /* ProductView */ = {
			isa = PBXGroup;
			children = (
				6002E0C22A2C086400345AE9 /* ProductSection.swift */,
				6002E0C32A2C086400345AE9 /* Cells */,
				6002E0CB2A2C086400345AE9 /* ProductItem.swift */,
				6002E0CC2A2C086400345AE9 /* ProductViewController.swift */,
				6002E0CD2A2C086400345AE9 /* MockDataForProductVC.swift */,
			);
			path = ProductView;
			sourceTree = "<group>";
		};
		6002E0C32A2C086400345AE9 /* Cells */ = {
			isa = PBXGroup;
			children = (
				6002E0C42A2C086400345AE9 /* СonfiguratorCell.swift */,
				6002E0C52A2C086400345AE9 /* PriceCell.swift */,
				6002E0C62A2C086400345AE9 /* ConfiguratorDescription.swift */,
				6002E0C72A2C086400345AE9 /* OrderCell.swift */,
				6002E0C82A2C086400345AE9 /* ProductViewCell.swift */,
				6002E0C92A2C086400345AE9 /* DescriptionCell.swift */,
				6002E0CA2A2C086400345AE9 /* HeaderSupplementaryView.swift */,
			);
			path = Cells;
			sourceTree = "<group>";
		};
		6002E0D92A2C086A00345AE9 /* HomeView */ = {
			isa = PBXGroup;
			children = (
				6002E0DA2A2C086A00345AE9 /* Cells */,
				6002E0DC2A2C086A00345AE9 /* HomeItem.swift */,
				6002E0DD2A2C086A00345AE9 /* HomeSection.swift */,
				6002E0DE2A2C086A00345AE9 /* MokeDataForHomeVC.swift */,
				6002E0DF2A2C086A00345AE9 /* HomeViewController.swift */,
			);
			path = HomeView;
			sourceTree = "<group>";
		};
		6002E0DA2A2C086A00345AE9 /* Cells */ = {
			isa = PBXGroup;
			children = (
				6002E0DB2A2C086A00345AE9 /* ProductCell.swift */,
			);
			path = Cells;
			sourceTree = "<group>";
		};
		6002E0E52A2C087500345AE9 /* TabBar */ = {
			isa = PBXGroup;
			children = (
				6002E0E62A2C087500345AE9 /* TabBarController.swift */,
			);
			path = TabBar;
			sourceTree = "<group>";
		};
/* End PBXGroup section */

/* Begin PBXNativeTarget section */
		6002E0842A2C075300345AE9 /* CarinCasa */ = {
			isa = PBXNativeTarget;
			buildConfigurationList = 6002E0982A2C075700345AE9 /* Build configuration list for PBXNativeTarget "CarinCasa" */;
			buildPhases = (
				6002E0812A2C075300345AE9 /* Sources */,
				6002E0822A2C075300345AE9 /* Frameworks */,
				6002E0832A2C075300345AE9 /* Resources */,
			);
			buildRules = (
			);
			dependencies = (
			);
			name = CarinCasa;
			packageProductDependencies = (
				6002E0EF2A2C0AEC00345AE9 /* SDWebImage */,
			);
			productName = CarinCasa;
			productReference = 6002E0852A2C075300345AE9 /* CarinCasa.app */;
			productType = "com.apple.product-type.application";
		};
/* End PBXNativeTarget section */

/* Begin PBXProject section */
		6002E07D2A2C075300345AE9 /* Project object */ = {
			isa = PBXProject;
			attributes = {
				BuildIndependentTargetsInParallel = 1;
				LastSwiftUpdateCheck = 1410;
				LastUpgradeCheck = 1410;
				TargetAttributes = {
					6002E0842A2C075300345AE9 = {
						CreatedOnToolsVersion = 14.1;
					};
				};
			};
			buildConfigurationList = 6002E0802A2C075300345AE9 /* Build configuration list for PBXProject "CarinCasa" */;
			compatibilityVersion = "Xcode 14.0";
			developmentRegion = en;
			hasScannedForEncodings = 0;
			knownRegions = (
				en,
				Base,
			);
			mainGroup = 6002E07C2A2C075300345AE9;
			packageReferences = (
				6002E0EE2A2C0AEC00345AE9 /* XCRemoteSwiftPackageReference "SDWebImage" */,
			);
			productRefGroup = 6002E0862A2C075300345AE9 /* Products */;
			projectDirPath = "";
			projectRoot = "";
			targets = (
				6002E0842A2C075300345AE9 /* CarinCasa */,
			);
		};
/* End PBXProject section */

/* Begin PBXResourcesBuildPhase section */
		6002E0832A2C075300345AE9 /* Resources */ = {
			isa = PBXResourcesBuildPhase;
			buildActionMask = 2147483647;
			files = (
				6002E0952A2C075700345AE9 /* LaunchScreen.storyboard in Resources */,
				6002E0AA2A2C084A00345AE9 /* FuturaPT-Medium.ttf in Resources */,
				6002E0AB2A2C084A00345AE9 /* FuturaPT-Light.ttf in Resources */,
				6002E0922A2C075700345AE9 /* Assets.xcassets in Resources */,
			);
			runOnlyForDeploymentPostprocessing = 0;
		};
/* End PBXResourcesBuildPhase section */

/* Begin PBXSourcesBuildPhase section */
		6002E0812A2C075300345AE9 /* Sources */ = {
			isa = PBXSourcesBuildPhase;
			buildActionMask = 2147483647;
			files = (
				6002E0E92A2C088400345AE9 /* ColorPalette.swift in Sources */,
				6002E0BC2A2C085B00345AE9 /* OrdersCell.swift in Sources */,
				6002E0E32A2C086A00345AE9 /* MokeDataForHomeVC.swift in Sources */,
				6002E0E12A2C086A00345AE9 /* HomeItem.swift in Sources */,
				6002E0CF2A2C086400345AE9 /* СonfiguratorCell.swift in Sources */,
				6002E0D62A2C086400345AE9 /* ProductItem.swift in Sources */,
				6002E0CE2A2C086400345AE9 /* ProductSection.swift in Sources */,
				6002E0D12A2C086400345AE9 /* ConfiguratorDescription.swift in Sources */,
				6002E0A52A2C084000345AE9 /* CellExtension.swift in Sources */,
				6002E09E2A2C083900345AE9 /* DropDownMenuViewController.swift in Sources */,
				6002E0B02A2C085100345AE9 /* APIManager.swift in Sources */,
				6002E0BF2A2C085B00345AE9 /* MokeDataForInfoVC.swift in Sources */,
				6002E0BE2A2C085B00345AE9 /* InfoViewController.swift in Sources */,
				6002E0BA2A2C085B00345AE9 /* ProfileCell.swift in Sources */,
				6002E09F2A2C083900345AE9 /* CircleStrokeSpinner.swift in Sources */,
				6002E0BB2A2C085B00345AE9 /* InfoCell.swift in Sources */,
				6002E0D22A2C086400345AE9 /* OrderCell.swift in Sources */,
				6002E0A42A2C084000345AE9 /* UIImageViewExtension.swift in Sources */,
				6002E0A62A2C084000345AE9 /* StringExtension.swift in Sources */,
				6002E0D02A2C086400345AE9 /* PriceCell.swift in Sources */,
				6002E0E22A2C086A00345AE9 /* HomeSection.swift in Sources */,
				6002E0E02A2C086A00345AE9 /* ProductCell.swift in Sources */,
				6002E0AF2A2C085100345AE9 /* DataStruct.swift in Sources */,
				6002E0C02A2C085B00345AE9 /* InfoSection.swift in Sources */,
				6002E0E72A2C087500345AE9 /* TabBarController.swift in Sources */,
				6002E0D32A2C086400345AE9 /* ProductViewCell.swift in Sources */,
				6002E0D52A2C086400345AE9 /* HeaderSupplementaryView.swift in Sources */,
				6002E0D82A2C086400345AE9 /* MockDataForProductVC.swift in Sources */,
				6002E0D42A2C086400345AE9 /* DescriptionCell.swift in Sources */,
				6002E0892A2C075300345AE9 /* AppDelegate.swift in Sources */,
				6002E0E42A2C086A00345AE9 /* HomeViewController.swift in Sources */,
				6002E0D72A2C086400345AE9 /* ProductViewController.swift in Sources */,
				6002E0BD2A2C085B00345AE9 /* InfoItems.swift in Sources */,
				6002E08D2A2C075300345AE9 /* Experience.rcproject in Sources */,
			);
			runOnlyForDeploymentPostprocessing = 0;
		};
/* End PBXSourcesBuildPhase section */

/* Begin PBXVariantGroup section */
		6002E0932A2C075700345AE9 /* LaunchScreen.storyboard */ = {
			isa = PBXVariantGroup;
			children = (
				6002E0942A2C075700345AE9 /* Base */,
			);
			name = LaunchScreen.storyboard;
			sourceTree = "<group>";
		};
/* End PBXVariantGroup section */

/* Begin XCBuildConfiguration section */
		6002E0962A2C075700345AE9 /* Debug */ = {
			isa = XCBuildConfiguration;
			buildSettings = {
				ALWAYS_SEARCH_USER_PATHS = NO;
				CLANG_ANALYZER_NONNULL = YES;
				CLANG_ANALYZER_NUMBER_OBJECT_CONVERSION = YES_AGGRESSIVE;
				CLANG_CXX_LANGUAGE_STANDARD = "gnu++20";
				CLANG_ENABLE_MODULES = YES;
				CLANG_ENABLE_OBJC_ARC = YES;
				CLANG_ENABLE_OBJC_WEAK = YES;
				CLANG_WARN_BLOCK_CAPTURE_AUTORELEASING = YES;
				CLANG_WARN_BOOL_CONVERSION = YES;
				CLANG_WARN_COMMA = YES;
				CLANG_WARN_CONSTANT_CONVERSION = YES;
				CLANG_WARN_DEPRECATED_OBJC_IMPLEMENTATIONS = YES;
				CLANG_WARN_DIRECT_OBJC_ISA_USAGE = YES_ERROR;
				CLANG_WARN_DOCUMENTATION_COMMENTS = YES;
				CLANG_WARN_EMPTY_BODY = YES;
				CLANG_WARN_ENUM_CONVERSION = YES;
				CLANG_WARN_INFINITE_RECURSION = YES;
				CLANG_WARN_INT_CONVERSION = YES;
				CLANG_WARN_NON_LITERAL_NULL_CONVERSION = YES;
				CLANG_WARN_OBJC_IMPLICIT_RETAIN_SELF = YES;
				CLANG_WARN_OBJC_LITERAL_CONVERSION = YES;
				CLANG_WARN_OBJC_ROOT_CLASS = YES_ERROR;
				CLANG_WARN_QUOTED_INCLUDE_IN_FRAMEWORK_HEADER = YES;
				CLANG_WARN_RANGE_LOOP_ANALYSIS = YES;
				CLANG_WARN_STRICT_PROTOTYPES = YES;
				CLANG_WARN_SUSPICIOUS_MOVE = YES;
				CLANG_WARN_UNGUARDED_AVAILABILITY = YES_AGGRESSIVE;
				CLANG_WARN_UNREACHABLE_CODE = YES;
				CLANG_WARN__DUPLICATE_METHOD_MATCH = YES;
				COPY_PHASE_STRIP = NO;
				DEBUG_INFORMATION_FORMAT = dwarf;
				ENABLE_STRICT_OBJC_MSGSEND = YES;
				ENABLE_TESTABILITY = YES;
				GCC_C_LANGUAGE_STANDARD = gnu11;
				GCC_DYNAMIC_NO_PIC = NO;
				GCC_NO_COMMON_BLOCKS = YES;
				GCC_OPTIMIZATION_LEVEL = 0;
				GCC_PREPROCESSOR_DEFINITIONS = (
					"DEBUG=1",
					"$(inherited)",
				);
				GCC_WARN_64_TO_32_BIT_CONVERSION = YES;
				GCC_WARN_ABOUT_RETURN_TYPE = YES_ERROR;
				GCC_WARN_UNDECLARED_SELECTOR = YES;
				GCC_WARN_UNINITIALIZED_AUTOS = YES_AGGRESSIVE;
				GCC_WARN_UNUSED_FUNCTION = YES;
				GCC_WARN_UNUSED_VARIABLE = YES;
				IPHONEOS_DEPLOYMENT_TARGET = 16.0;
				MTL_ENABLE_DEBUG_INFO = INCLUDE_SOURCE;
				MTL_FAST_MATH = YES;
				ONLY_ACTIVE_ARCH = YES;
				SDKROOT = iphoneos;
				SWIFT_ACTIVE_COMPILATION_CONDITIONS = DEBUG;
				SWIFT_OPTIMIZATION_LEVEL = "-Onone";
			};
			name = Debug;
		};
		6002E0972A2C075700345AE9 /* Release */ = {
			isa = XCBuildConfiguration;
			buildSettings = {
				ALWAYS_SEARCH_USER_PATHS = NO;
				CLANG_ANALYZER_NONNULL = YES;
				CLANG_ANALYZER_NUMBER_OBJECT_CONVERSION = YES_AGGRESSIVE;
				CLANG_CXX_LANGUAGE_STANDARD = "gnu++20";
				CLANG_ENABLE_MODULES = YES;
				CLANG_ENABLE_OBJC_ARC = YES;
				CLANG_ENABLE_OBJC_WEAK = YES;
				CLANG_WARN_BLOCK_CAPTURE_AUTORELEASING = YES;
				CLANG_WARN_BOOL_CONVERSION = YES;
				CLANG_WARN_COMMA = YES;
				CLANG_WARN_CONSTANT_CONVERSION = YES;
				CLANG_WARN_DEPRECATED_OBJC_IMPLEMENTATIONS = YES;
				CLANG_WARN_DIRECT_OBJC_ISA_USAGE = YES_ERROR;
				CLANG_WARN_DOCUMENTATION_COMMENTS = YES;
				CLANG_WARN_EMPTY_BODY = YES;
				CLANG_WARN_ENUM_CONVERSION = YES;
				CLANG_WARN_INFINITE_RECURSION = YES;
				CLANG_WARN_INT_CONVERSION = YES;
				CLANG_WARN_NON_LITERAL_NULL_CONVERSION = YES;
				CLANG_WARN_OBJC_IMPLICIT_RETAIN_SELF = YES;
				CLANG_WARN_OBJC_LITERAL_CONVERSION = YES;
				CLANG_WARN_OBJC_ROOT_CLASS = YES_ERROR;
				CLANG_WARN_QUOTED_INCLUDE_IN_FRAMEWORK_HEADER = YES;
				CLANG_WARN_RANGE_LOOP_ANALYSIS = YES;
				CLANG_WARN_STRICT_PROTOTYPES = YES;
				CLANG_WARN_SUSPICIOUS_MOVE = YES;
				CLANG_WARN_UNGUARDED_AVAILABILITY = YES_AGGRESSIVE;
				CLANG_WARN_UNREACHABLE_CODE = YES;
				CLANG_WARN__DUPLICATE_METHOD_MATCH = YES;
				COPY_PHASE_STRIP = NO;
				DEBUG_INFORMATION_FORMAT = "dwarf-with-dsym";
				ENABLE_NS_ASSERTIONS = NO;
				ENABLE_STRICT_OBJC_MSGSEND = YES;
				GCC_C_LANGUAGE_STANDARD = gnu11;
				GCC_NO_COMMON_BLOCKS = YES;
				GCC_WARN_64_TO_32_BIT_CONVERSION = YES;
				GCC_WARN_ABOUT_RETURN_TYPE = YES_ERROR;
				GCC_WARN_UNDECLARED_SELECTOR = YES;
				GCC_WARN_UNINITIALIZED_AUTOS = YES_AGGRESSIVE;
				GCC_WARN_UNUSED_FUNCTION = YES;
				GCC_WARN_UNUSED_VARIABLE = YES;
				IPHONEOS_DEPLOYMENT_TARGET = 16.0;
				MTL_ENABLE_DEBUG_INFO = NO;
				MTL_FAST_MATH = YES;
				SDKROOT = iphoneos;
				SWIFT_COMPILATION_MODE = wholemodule;
				SWIFT_OPTIMIZATION_LEVEL = "-O";
				VALIDATE_PRODUCT = YES;
			};
			name = Release;
		};
		6002E0992A2C075700345AE9 /* Debug */ = {
			isa = XCBuildConfiguration;
			buildSettings = {
				ASSETCATALOG_COMPILER_APPICON_NAME = AppIcon;
				ASSETCATALOG_COMPILER_GLOBAL_ACCENT_COLOR_NAME = AccentColor;
				CODE_SIGN_STYLE = Automatic;
				CURRENT_PROJECT_VERSION = 1;
				DEVELOPMENT_TEAM = Z6S52L578H;
				GENERATE_INFOPLIST_FILE = YES;
				INFOPLIST_FILE = CarinCasa/Info.plist;
				INFOPLIST_KEY_NSCameraUsageDescription = "";
				INFOPLIST_KEY_UIApplicationSupportsIndirectInputEvents = YES;
				INFOPLIST_KEY_UILaunchStoryboardName = LaunchScreen;
				INFOPLIST_KEY_UIRequiredDeviceCapabilities = arkit;
				INFOPLIST_KEY_UIStatusBarStyle = UIStatusBarStyleLightContent;
				INFOPLIST_KEY_UISupportedInterfaceOrientations_iPad = "UIInterfaceOrientationPortrait UIInterfaceOrientationPortraitUpsideDown UIInterfaceOrientationLandscapeLeft UIInterfaceOrientationLandscapeRight";
				INFOPLIST_KEY_UISupportedInterfaceOrientations_iPhone = "UIInterfaceOrientationPortrait UIInterfaceOrientationLandscapeLeft UIInterfaceOrientationLandscapeRight";
				IPHONEOS_DEPLOYMENT_TARGET = 16.0;
				LD_RUNPATH_SEARCH_PATHS = (
					"$(inherited)",
					"@executable_path/Frameworks",
				);
				MARKETING_VERSION = 1.0;
				PRODUCT_BUNDLE_IDENTIFIER = personalteam.shaimanovdmitry.CarinCasa;
				PRODUCT_NAME = "$(TARGET_NAME)";
				SWIFT_EMIT_LOC_STRINGS = YES;
				SWIFT_VERSION = 5.0;
				TARGETED_DEVICE_FAMILY = "1,2";
			};
			name = Debug;
		};
		6002E09A2A2C075700345AE9 /* Release */ = {
			isa = XCBuildConfiguration;
			buildSettings = {
				ASSETCATALOG_COMPILER_APPICON_NAME = AppIcon;
				ASSETCATALOG_COMPILER_GLOBAL_ACCENT_COLOR_NAME = AccentColor;
				CODE_SIGN_STYLE = Automatic;
				CURRENT_PROJECT_VERSION = 1;
				DEVELOPMENT_TEAM = Z6S52L578H;
				GENERATE_INFOPLIST_FILE = YES;
				INFOPLIST_FILE = CarinCasa/Info.plist;
				INFOPLIST_KEY_NSCameraUsageDescription = "";
				INFOPLIST_KEY_UIApplicationSupportsIndirectInputEvents = YES;
				INFOPLIST_KEY_UILaunchStoryboardName = LaunchScreen;
				INFOPLIST_KEY_UIRequiredDeviceCapabilities = arkit;
				INFOPLIST_KEY_UIStatusBarStyle = UIStatusBarStyleLightContent;
				INFOPLIST_KEY_UISupportedInterfaceOrientations_iPad = "UIInterfaceOrientationPortrait UIInterfaceOrientationPortraitUpsideDown UIInterfaceOrientationLandscapeLeft UIInterfaceOrientationLandscapeRight";
				INFOPLIST_KEY_UISupportedInterfaceOrientations_iPhone = "UIInterfaceOrientationPortrait UIInterfaceOrientationLandscapeLeft UIInterfaceOrientationLandscapeRight";
				IPHONEOS_DEPLOYMENT_TARGET = 16.0;
				LD_RUNPATH_SEARCH_PATHS = (
					"$(inherited)",
					"@executable_path/Frameworks",
				);
				MARKETING_VERSION = 1.0;
				PRODUCT_BUNDLE_IDENTIFIER = personalteam.shaimanovdmitry.CarinCasa;
				PRODUCT_NAME = "$(TARGET_NAME)";
				SWIFT_EMIT_LOC_STRINGS = YES;
				SWIFT_VERSION = 5.0;
				TARGETED_DEVICE_FAMILY = "1,2";
			};
			name = Release;
		};
/* End XCBuildConfiguration section */

/* Begin XCConfigurationList section */
		6002E0802A2C075300345AE9 /* Build configuration list for PBXProject "CarinCasa" */ = {
			isa = XCConfigurationList;
			buildConfigurations = (
				6002E0962A2C075700345AE9 /* Debug */,
				6002E0972A2C075700345AE9 /* Release */,
			);
			defaultConfigurationIsVisible = 0;
			defaultConfigurationName = Release;
		};
		6002E0982A2C075700345AE9 /* Build configuration list for PBXNativeTarget "CarinCasa" */ = {
			isa = XCConfigurationList;
			buildConfigurations = (
				6002E0992A2C075700345AE9 /* Debug */,
				6002E09A2A2C075700345AE9 /* Release */,
			);
			defaultConfigurationIsVisible = 0;
			defaultConfigurationName = Release;
		};
/* End XCConfigurationList section */

/* Begin XCRemoteSwiftPackageReference section */
		6002E0EE2A2C0AEC00345AE9 /* XCRemoteSwiftPackageReference "SDWebImage" */ = {
			isa = XCRemoteSwiftPackageReference;
			repositoryURL = "https://github.com/SDWebImage/SDWebImage";
			requirement = {
				kind = exactVersion;
				version = 5.9.5;
			};
		};
/* End XCRemoteSwiftPackageReference section */

/* Begin XCSwiftPackageProductDependency section */
		6002E0EF2A2C0AEC00345AE9 /* SDWebImage */ = {
			isa = XCSwiftPackageProductDependency;
			package = 6002E0EE2A2C0AEC00345AE9 /* XCRemoteSwiftPackageReference "SDWebImage" */;
			productName = SDWebImage;
		};
/* End XCSwiftPackageProductDependency section */
	};
	rootObject = 6002E07D2A2C075300345AE9 /* Project object */;
}
